
Microsoft Visual Studio Solution File, Format Version 12.00
# Visual Studio 15
Project("{FAE04EC0-301F-11D3-BF4B-00C04F79EFBC}") = "Assembly-CSharp", "Assembly-CSharp.csproj", "{718F3CFB-5D10-D68D-A441-46B09D35242F}"
EndProject
Project("{FAE04EC0-301F-11D3-BF4B-00C04F79EFBC}") = "NewAssembly", "NewAssembly.csproj", "{98F8FD2F-0F0E-BF16-E944-2D4AEFC0FB97}"
EndProject
Project("{FAE04EC0-301F-11D3-BF4B-00C04F79EFBC}") = "Tests", "Tests.csproj", "{D96FDD50-F093-BC2F-00EF-A6BEF6DEAE05}"
EndProject
Project("{FAE04EC0-301F-11D3-BF4B-00C04F79EFBC}") = "Tests_Editmode", "Tests_Editmode.csproj", "{5F10951F-98AB-FDE9-B7F0-2A4E570C875F}"
EndProject
Global
	GlobalSection(SolutionConfigurationPlatforms) = preSolution
		Debug|Any CPU = Debug|Any CPU
		Release|Any CPU = Release|Any CPU
	EndGlobalSection
	GlobalSection(ProjectConfigurationPlatforms) = postSolution
		{718F3CFB-5D10-D68D-A441-46B09D35242F}.Debug|Any CPU.ActiveCfg = Debug|Any CPU
		{718F3CFB-5D10-D68D-A441-46B09D35242F}.Debug|Any CPU.Build.0 = Debug|Any CPU
		{718F3CFB-5D10-D68D-A441-46B09D35242F}.Release|Any CPU.ActiveCfg = Release|Any CPU
		{718F3CFB-5D10-D68D-A441-46B09D35242F}.Release|Any CPU.Build.0 = Release|Any CPU
		{98F8FD2F-0F0E-BF16-E944-2D4AEFC0FB97}.Debug|Any CPU.ActiveCfg = Debug|Any CPU
		{98F8FD2F-0F0E-BF16-E944-2D4AEFC0FB97}.Debug|Any CPU.Build.0 = Debug|Any CPU
		{98F8FD2F-0F0E-BF16-E944-2D4AEFC0FB97}.Release|Any CPU.ActiveCfg = Release|Any CPU
		{98F8FD2F-0F0E-BF16-E944-2D4AEFC0FB97}.Release|Any CPU.Build.0 = Release|Any CPU
		{D96FDD50-F093-BC2F-00EF-A6BEF6DEAE05}.Debug|Any CPU.ActiveCfg = Debug|Any CPU
		{D96FDD50-F093-BC2F-00EF-A6BEF6DEAE05}.Debug|Any CPU.Build.0 = Debug|Any CPU
		{D96FDD50-F093-BC2F-00EF-A6BEF6DEAE05}.Release|Any CPU.ActiveCfg = Release|Any CPU
		{D96FDD50-F093-BC2F-00EF-A6BEF6DEAE05}.Release|Any CPU.Build.0 = Release|Any CPU
		{5F10951F-98AB-FDE9-B7F0-2A4E570C875F}.Debug|Any CPU.ActiveCfg = Debug|Any CPU
		{5F10951F-98AB-FDE9-B7F0-2A4E570C875F}.Debug|Any CPU.Build.0 = Debug|Any CPU
		{5F10951F-98AB-FDE9-B7F0-2A4E570C875F}.Release|Any CPU.ActiveCfg = Release|Any CPU
		{5F10951F-98AB-FDE9-B7F0-2A4E570C875F}.Release|Any CPU.Build.0 = Release|Any CPU
	EndGlobalSection
	GlobalSection(SolutionProperties) = preSolution
		HideSolutionNode = FALSE
	EndGlobalSection
EndGlobal
